// !$*UTF8*$!
{
	archiveVersion = 1;
	classes = {
	};
	objectVersion = 46;
	objects = {

/* Begin PBXBuildFile section */
		54F3934C1BC9823100369B5B /* main.m in Sources */ = {isa = PBXBuildFile; fileRef = 54F3934B1BC9823100369B5B /* main.m */; };
		54F3934F1BC9823100369B5B /* AppDelegate.m in Sources */ = {isa = PBXBuildFile; fileRef = 54F3934E1BC9823100369B5B /* AppDelegate.m */; };
		54F393521BC9823100369B5B /* ViewController.m in Sources */ = {isa = PBXBuildFile; fileRef = 54F393511BC9823100369B5B /* ViewController.m */; };
		54F393551BC9823100369B5B /* Main.storyboard in Resources */ = {isa = PBXBuildFile; fileRef = 54F393531BC9823100369B5B /* Main.storyboard */; };
		54F393571BC9823100369B5B /* Assets.xcassets in Resources */ = {isa = PBXBuildFile; fileRef = 54F393561BC9823100369B5B /* Assets.xcassets */; };
		54F3935A1BC9823100369B5B /* LaunchScreen.storyboard in Resources */ = {isa = PBXBuildFile; fileRef = 54F393581BC9823100369B5B /* LaunchScreen.storyboard */; };
		54F393651BC9823100369B5B /* GraphChartTests.m in Sources */ = {isa = PBXBuildFile; fileRef = 54F393641BC9823100369B5B /* GraphChartTests.m */; };
		54F3940B1BCADD7400369B5B /* MCSubLine.m in Sources */ = {isa = PBXBuildFile; fileRef = 54F3940A1BCADD7400369B5B /* MCSubLine.m */; settings = {ASSET_TAGS = (); }; };
		54F3940E1BCADF4300369B5B /* MCAnimateLines.m in Sources */ = {isa = PBXBuildFile; fileRef = 54F3940D1BCADF4300369B5B /* MCAnimateLines.m */; settings = {ASSET_TAGS = (); }; };
		54F394111BCADF6600369B5B /* MCLineNodeBubble.m in Sources */ = {isa = PBXBuildFile; fileRef = 54F394101BCADF6600369B5B /* MCLineNodeBubble.m */; settings = {ASSET_TAGS = (); }; };
/* End PBXBuildFile section */

/* Begin PBXContainerItemProxy section */
		54F393611BC9823100369B5B /* PBXContainerItemProxy */ = {
			isa = PBXContainerItemProxy;
			containerPortal = 54F3933F1BC9823100369B5B /* Project object */;
			proxyType = 1;
			remoteGlobalIDString = 54F393461BC9823100369B5B;
			remoteInfo = GraphChart;
		};
/* End PBXContainerItemProxy section */

/* Begin PBXFileReference section */
		54F393471BC9823100369B5B /* GraphChart.app */ = {isa = PBXFileReference; explicitFileType = wrapper.application; includeInIndex = 0; path = GraphChart.app; sourceTree = BUILT_PRODUCTS_DIR; };
		54F3934B1BC9823100369B5B /* main.m */ = {isa = PBXFileReference; lastKnownFileType = sourcecode.c.objc; path = main.m; sourceTree = "<group>"; };
		54F3934D1BC9823100369B5B /* AppDelegate.h */ = {isa = PBXFileReference; lastKnownFileType = sourcecode.c.h; path = AppDelegate.h; sourceTree = "<group>"; };
		54F3934E1BC9823100369B5B /* AppDelegate.m */ = {isa = PBXFileReference; lastKnownFileType = sourcecode.c.objc; path = AppDelegate.m; sourceTree = "<group>"; };
		54F393501BC9823100369B5B /* ViewController.h */ = {isa = PBXFileReference; lastKnownFileType = sourcecode.c.h; path = ViewController.h; sourceTree = "<group>"; };
		54F393511BC9823100369B5B /* ViewController.m */ = {isa = PBXFileReference; lastKnownFileType = sourcecode.c.objc; path = ViewController.m; sourceTree = "<group>"; };
		54F393541BC9823100369B5B /* Base */ = {isa = PBXFileReference; lastKnownFileType = file.storyboard; name = Base; path = Base.lproj/Main.storyboard; sourceTree = "<group>"; };
		54F393561BC9823100369B5B /* Assets.xcassets */ = {isa = PBXFileReference; lastKnownFileType = folder.assetcatalog; path = Assets.xcassets; sourceTree = "<group>"; };
		54F393591BC9823100369B5B /* Base */ = {isa = PBXFileReference; lastKnownFileType = file.storyboard; name = Base; path = Base.lproj/LaunchScreen.storyboard; sourceTree = "<group>"; };
		54F3935B1BC9823100369B5B /* Info.plist */ = {isa = PBXFileReference; lastKnownFileType = text.plist.xml; path = Info.plist; sourceTree = "<group>"; };
		54F393601BC9823100369B5B /* GraphChartTests.xctest */ = {isa = PBXFileReference; explicitFileType = wrapper.cfbundle; includeInIndex = 0; path = GraphChartTests.xctest; sourceTree = BUILT_PRODUCTS_DIR; };
		54F393641BC9823100369B5B /* GraphChartTests.m */ = {isa = PBXFileReference; lastKnownFileType = sourcecode.c.objc; path = GraphChartTests.m; sourceTree = "<group>"; };
		54F393661BC9823100369B5B /* Info.plist */ = {isa = PBXFileReference; lastKnownFileType = text.plist.xml; path = Info.plist; sourceTree = "<group>"; };
		54F394091BCADD7400369B5B /* MCSubLine.h */ = {isa = PBXFileReference; fileEncoding = 4; lastKnownFileType = sourcecode.c.h; path = MCSubLine.h; sourceTree = "<group>"; };
		54F3940A1BCADD7400369B5B /* MCSubLine.m */ = {isa = PBXFileReference; fileEncoding = 4; lastKnownFileType = sourcecode.c.objc; path = MCSubLine.m; sourceTree = "<group>"; };
		54F3940C1BCADF4300369B5B /* MCAnimateLines.h */ = {isa = PBXFileReference; fileEncoding = 4; lastKnownFileType = sourcecode.c.h; path = MCAnimateLines.h; sourceTree = "<group>"; };
		54F3940D1BCADF4300369B5B /* MCAnimateLines.m */ = {isa = PBXFileReference; fileEncoding = 4; lastKnownFileType = sourcecode.c.objc; path = MCAnimateLines.m; sourceTree = "<group>"; };
		54F3940F1BCADF6600369B5B /* MCLineNodeBubble.h */ = {isa = PBXFileReference; fileEncoding = 4; lastKnownFileType = sourcecode.c.h; path = MCLineNodeBubble.h; sourceTree = "<group>"; };
		54F394101BCADF6600369B5B /* MCLineNodeBubble.m */ = {isa = PBXFileReference; fileEncoding = 4; lastKnownFileType = sourcecode.c.objc; path = MCLineNodeBubble.m; sourceTree = "<group>"; };
		54F394121BCAE05700369B5B /* MCAnimateLinesDataSourceDelegate.h */ = {isa = PBXFileReference; fileEncoding = 4; lastKnownFileType = sourcecode.c.h; path = MCAnimateLinesDataSourceDelegate.h; sourceTree = "<group>"; };
/* End PBXFileReference section */

/* Begin PBXFrameworksBuildPhase section */
		54F393441BC9823100369B5B /* Frameworks */ = {
			isa = PBXFrameworksBuildPhase;
			buildActionMask = 2147483647;
			files = (
			);
			runOnlyForDeploymentPostprocessing = 0;
		};
		54F3935D1BC9823100369B5B /* Frameworks */ = {
			isa = PBXFrameworksBuildPhase;
			buildActionMask = 2147483647;
			files = (
			);
			runOnlyForDeploymentPostprocessing = 0;
		};
/* End PBXFrameworksBuildPhase section */

/* Begin PBXGroup section */
		54F3933E1BC9823100369B5B = {
			isa = PBXGroup;
			children = (
				54F393491BC9823100369B5B /* GraphChart */,
				54F393631BC9823100369B5B /* GraphChartTests */,
				54F393481BC9823100369B5B /* Products */,
			);
			sourceTree = "<group>";
		};
		54F393481BC9823100369B5B /* Products */ = {
			isa = PBXGroup;
			children = (
				54F393471BC9823100369B5B /* GraphChart.app */,
				54F393601BC9823100369B5B /* GraphChartTests.xctest */,
			);
			name = Products;
			sourceTree = "<group>";
		};
		54F393491BC9823100369B5B /* GraphChart */ = {
			isa = PBXGroup;
			children = (
				54F3936F1BC9860100369B5B /* View */,
				54F3934D1BC9823100369B5B /* AppDelegate.h */,
				54F3934E1BC9823100369B5B /* AppDelegate.m */,
				54F393501BC9823100369B5B /* ViewController.h */,
				54F393511BC9823100369B5B /* ViewController.m */,
				54F393531BC9823100369B5B /* Main.storyboard */,
				54F393561BC9823100369B5B /* Assets.xcassets */,
				54F393581BC9823100369B5B /* LaunchScreen.storyboard */,
				54F3935B1BC9823100369B5B /* Info.plist */,
				54F3934A1BC9823100369B5B /* Supporting Files */,
			);
			path = GraphChart;
			sourceTree = "<group>";
		};
		54F3934A1BC9823100369B5B /* Supporting Files */ = {
			isa = PBXGroup;
			children = (
				54F3934B1BC9823100369B5B /* main.m */,
			);
			name = "Supporting Files";
			sourceTree = "<group>";
		};
		54F393631BC9823100369B5B /* GraphChartTests */ = {
			isa = PBXGroup;
			children = (
				54F393641BC9823100369B5B /* GraphChartTests.m */,
				54F393661BC9823100369B5B /* Info.plist */,
			);
			path = GraphChartTests;
			sourceTree = "<group>";
		};
		54F3936F1BC9860100369B5B /* View */ = {
			isa = PBXGroup;
			children = (
				54F394091BCADD7400369B5B /* MCSubLine.h */,
				54F3940A1BCADD7400369B5B /* MCSubLine.m */,
				54F3940C1BCADF4300369B5B /* MCAnimateLines.h */,
				54F3940D1BCADF4300369B5B /* MCAnimateLines.m */,
				54F3940F1BCADF6600369B5B /* MCLineNodeBubble.h */,
				54F394101BCADF6600369B5B /* MCLineNodeBubble.m */,
				54F394121BCAE05700369B5B /* MCAnimateLinesDataSourceDelegate.h */,
			);
			name = View;
			sourceTree = "<group>";
		};
/* End PBXGroup section */

/* Begin PBXNativeTarget section */
		54F393461BC9823100369B5B /* GraphChart */ = {
			isa = PBXNativeTarget;
			buildConfigurationList = 54F393691BC9823100369B5B /* Build configuration list for PBXNativeTarget "GraphChart" */;
			buildPhases = (
				54F393431BC9823100369B5B /* Sources */,
				54F393441BC9823100369B5B /* Frameworks */,
				54F393451BC9823100369B5B /* Resources */,
			);
			buildRules = (
			);
			dependencies = (
			);
			name = GraphChart;
			productName = GraphChart;
			productReference = 54F393471BC9823100369B5B /* GraphChart.app */;
			productType = "com.apple.product-type.application";
		};
		54F3935F1BC9823100369B5B /* GraphChartTests */ = {
			isa = PBXNativeTarget;
			buildConfigurationList = 54F3936C1BC9823100369B5B /* Build configuration list for PBXNativeTarget "GraphChartTests" */;
			buildPhases = (
				54F3935C1BC9823100369B5B /* Sources */,
				54F3935D1BC9823100369B5B /* Frameworks */,
				54F3935E1BC9823100369B5B /* Resources */,
			);
			buildRules = (
			);
			dependencies = (
				54F393621BC9823100369B5B /* PBXTargetDependency */,
			);
			name = GraphChartTests;
			productName = GraphChartTests;
			productReference = 54F393601BC9823100369B5B /* GraphChartTests.xctest */;
			productType = "com.apple.product-type.bundle.unit-test";
		};
/* End PBXNativeTarget section */

/* Begin PBXProject section */
		54F3933F1BC9823100369B5B /* Project object */ = {
			isa = PBXProject;
			attributes = {
				LastUpgradeCheck = 0700;
				ORGANIZATIONNAME = LMC;
				TargetAttributes = {
					54F393461BC9823100369B5B = {
						CreatedOnToolsVersion = 7.0.1;
					};
					54F3935F1BC9823100369B5B = {
						CreatedOnToolsVersion = 7.0.1;
						TestTargetID = 54F393461BC9823100369B5B;
					};
				};
			};
			buildConfigurationList = 54F393421BC9823100369B5B /* Build configuration list for PBXProject "GraphChart" */;
			compatibilityVersion = "Xcode 3.2";
			developmentRegion = English;
			hasScannedForEncodings = 0;
			knownRegions = (
				en,
				Base,
			);
			mainGroup = 54F3933E1BC9823100369B5B;
			productRefGroup = 54F393481BC9823100369B5B /* Products */;
			projectDirPath = "";
			projectRoot = "";
			targets = (
				54F393461BC9823100369B5B /* GraphChart */,
				54F3935F1BC9823100369B5B /* GraphChartTests */,
			);
		};
/* End PBXProject section */

/* Begin PBXResourcesBuildPhase section */
		54F393451BC9823100369B5B /* Resources */ = {
			isa = PBXResourcesBuildPhase;
			buildActionMask = 2147483647;
			files = (
				54F3935A1BC9823100369B5B /* LaunchScreen.storyboard in Resources */,
				54F393571BC9823100369B5B /* Assets.xcassets in Resources */,
				54F393551BC9823100369B5B /* Main.storyboard in Resources */,
			);
			runOnlyForDeploymentPostprocessing = 0;
		};
		54F3935E1BC9823100369B5B /* Resources */ = {
			isa = PBXResourcesBuildPhase;
			buildActionMask = 2147483647;
			files = (
			);
			runOnlyForDeploymentPostprocessing = 0;
		};
/* End PBXResourcesBuildPhase section */

/* Begin PBXSourcesBuildPhase section */
		54F393431BC9823100369B5B /* Sources */ = {
			isa = PBXSourcesBuildPhase;
			buildActionMask = 2147483647;
			files = (
				54F3940E1BCADF4300369B5B /* MCAnimateLines.m in Sources */,
				54F3940B1BCADD7400369B5B /* MCSubLine.m in Sources */,
				54F393521BC9823100369B5B /* ViewController.m in Sources */,
				54F3934F1BC9823100369B5B /* AppDelegate.m in Sources */,
				54F3934C1BC9823100369B5B /* main.m in Sources */,
				54F394111BCADF6600369B5B /* MCLineNodeBubble.m in Sources */,
			);
			runOnlyForDeploymentPostprocessing = 0;
		};
		54F3935C1BC9823100369B5B /* Sources */ = {
			isa = PBXSourcesBuildPhase;
			buildActionMask = 2147483647;
			files = (
				54F393651BC9823100369B5B /* GraphChartTests.m in Sources */,
			);
			runOnlyForDeploymentPostprocessing = 0;
		};
/* End PBXSourcesBuildPhase section */

/* Begin PBXTargetDependency section */
		54F393621BC9823100369B5B /* PBXTargetDependency */ = {
			isa = PBXTargetDependency;
			target = 54F393461BC9823100369B5B /* GraphChart */;
			targetProxy = 54F393611BC9823100369B5B /* PBXContainerItemProxy */;
		};
/* End PBXTargetDependency section */

/* Begin PBXVariantGroup section */
		54F393531BC9823100369B5B /* Main.storyboard */ = {
			isa = PBXVariantGroup;
			children = (
				54F393541BC9823100369B5B /* Base */,
			);
			name = Main.storyboard;
			sourceTree = "<group>";
		};
		54F393581BC9823100369B5B /* LaunchScreen.storyboard */ = {
			isa = PBXVariantGroup;
			children = (
				54F393591BC9823100369B5B /* Base */,
			);
			name = LaunchScreen.storyboard;
			sourceTree = "<group>";
		};
/* End PBXVariantGroup section */

/* Begin XCBuildConfiguration section */
		54F393671BC9823100369B5B /* Debug */ = {
			isa = XCBuildConfiguration;
			buildSettings = {
				ALWAYS_SEARCH_USER_PATHS = NO;
				CLANG_CXX_LANGUAGE_STANDARD = "gnu++0x";
				CLANG_CXX_LIBRARY = "libc++";
				CLANG_ENABLE_MODULES = YES;
				CLANG_ENABLE_OBJC_ARC = YES;
				CLANG_WARN_BOOL_CONVERSION = YES;
				CLANG_WARN_CONSTANT_CONVERSION = YES;
				CLANG_WARN_DIRECT_OBJC_ISA_USAGE = YES_ERROR;
				CLANG_WARN_EMPTY_BODY = YES;
				CLANG_WARN_ENUM_CONVERSION = YES;
				CLANG_WARN_INT_CONVERSION = YES;
				CLANG_WARN_OBJC_ROOT_CLASS = YES_ERROR;
				CLANG_WARN_UNREACHABLE_CODE = YES;
				CLANG_WARN__DUPLICATE_METHOD_MATCH = YES;
				"CODE_SIGN_IDENTITY[sdk=iphoneos*]" = "iPhone Developer";
				COPY_PHASE_STRIP = NO;
				DEBUG_INFORMATION_FORMAT = dwarf;
				ENABLE_STRICT_OBJC_MSGSEND = YES;
				ENABLE_TESTABILITY = YES;
				GCC_C_LANGUAGE_STANDARD = gnu99;
				GCC_DYNAMIC_NO_PIC = NO;
				GCC_NO_COMMON_BLOCKS = YES;
				GCC_OPTIMIZATION_LEVEL = 0;
				GCC_PREPROCESSOR_DEFINITIONS = (
					"DEBUG=1",
					"$(inherited)",
				);
				GCC_WARN_64_TO_32_BIT_CONVERSION = YES;
				GCC_WARN_ABOUT_RETURN_TYPE = YES_ERROR;
				GCC_WARN_UNDECLARED_SELECTOR = YES;
				GCC_WARN_UNINITIALIZED_AUTOS = YES_AGGRESSIVE;
				GCC_WARN_UNUSED_FUNCTION = YES;
				GCC_WARN_UNUSED_VARIABLE = YES;
				IPHONEOS_DEPLOYMENT_TARGET = 9.0;
				MTL_ENABLE_DEBUG_INFO = YES;
				ONLY_ACTIVE_ARCH = YES;
				SDKROOT = iphoneos;
			};
			name = Debug;
		};
		54F393681BC9823100369B5B /* Release */ = {
			isa = XCBuildConfiguration;
			buildSettings = {
				ALWAYS_SEARCH_USER_PATHS = NO;
				CLANG_CXX_LANGUAGE_STANDARD = "gnu++0x";
				CLANG_CXX_LIBRARY = "libc++";
				CLANG_ENABLE_MODULES = YES;
				CLANG_ENABLE_OBJC_ARC = YES;
				CLANG_WARN_BOOL_CONVERSION = YES;
				CLANG_WARN_CONSTANT_CONVERSION = YES;
				CLANG_WARN_DIRECT_OBJC_ISA_USAGE = YES_ERROR;
				CLANG_WARN_EMPTY_BODY = YES;
				CLANG_WARN_ENUM_CONVERSION = YES;
				CLANG_WARN_INT_CONVERSION = YES;
				CLANG_WARN_OBJC_ROOT_CLASS = YES_ERROR;
				CLANG_WARN_UNREACHABLE_CODE = YES;
				CLANG_WARN__DUPLICATE_METHOD_MATCH = YES;
				"CODE_SIGN_IDENTITY[sdk=iphoneos*]" = "iPhone Developer";
				COPY_PHASE_STRIP = NO;
				DEBUG_INFORMATION_FORMAT = "dwarf-with-dsym";
				ENABLE_NS_ASSERTIONS = NO;
				ENABLE_STRICT_OBJC_MSGSEND = YES;
				GCC_C_LANGUAGE_STANDARD = gnu99;
				GCC_NO_COMMON_BLOCKS = YES;
				GCC_WARN_64_TO_32_BIT_CONVERSION = YES;
				GCC_WARN_ABOUT_RETURN_TYPE = YES_ERROR;
				GCC_WARN_UNDECLARED_SELECTOR = YES;
				GCC_WARN_UNINITIALIZED_AUTOS = YES_AGGRESSIVE;
				GCC_WARN_UNUSED_FUNCTION = YES;
				GCC_WARN_UNUSED_VARIABLE = YES;
				IPHONEOS_DEPLOYMENT_TARGET = 9.0;
				MTL_ENABLE_DEBUG_INFO = NO;
				SDKROOT = iphoneos;
				VALIDATE_PRODUCT = YES;
			};
			name = Release;
		};
		54F3936A1BC9823100369B5B /* Debug */ = {
			isa = XCBuildConfiguration;
			buildSettings = {
				ASSETCATALOG_COMPILER_APPICON_NAME = AppIcon;
				INFOPLIST_FILE = GraphChart/Info.plist;
				LD_RUNPATH_SEARCH_PATHS = "$(inherited) @executable_path/Frameworks";
				PRODUCT_BUNDLE_IDENTIFIER = com.jnjttd.GraphChart;
				PRODUCT_NAME = "$(TARGET_NAME)";
			};
			name = Debug;
		};
		54F3936B1BC9823100369B5B /* Release */ = {
			isa = XCBuildConfiguration;
			buildSettings = {
				ASSETCATALOG_COMPILER_APPICON_NAME = AppIcon;
				INFOPLIST_FILE = GraphChart/Info.plist;
				LD_RUNPATH_SEARCH_PATHS = "$(inherited) @executable_path/Frameworks";
				PRODUCT_BUNDLE_IDENTIFIER = com.jnjttd.GraphChart;
				PRODUCT_NAME = "$(TARGET_NAME)";
			};
			name = Release;
		};
		54F3936D1BC9823100369B5B /* Debug */ = {
			isa = XCBuildConfiguration;
			buildSettings = {
				BUNDLE_LOADER = "$(TEST_HOST)";
				INFOPLIST_FILE = GraphChartTests/Info.plist;
				LD_RUNPATH_SEARCH_PATHS = "$(inherited) @executable_path/Frameworks @loader_path/Frameworks";
				PRODUCT_BUNDLE_IDENTIFIER = com.jnjttd.GraphChartTests;
				PRODUCT_NAME = "$(TARGET_NAME)";
				TEST_HOST = "$(BUILT_PRODUCTS_DIR)/GraphChart.app/GraphChart";
			};
			name = Debug;
		};
		54F3936E1BC9823100369B5B /* Release */ = {
			isa = XCBuildConfiguration;
			buildSettings = {
				BUNDLE_LOADER = "$(TEST_HOST)";
				INFOPLIST_FILE = GraphChartTests/Info.plist;
				LD_RUNPATH_SEARCH_PATHS = "$(inherited) @executable_path/Frameworks @loader_path/Frameworks";
				PRODUCT_BUNDLE_IDENTIFIER = com.jnjttd.GraphChartTests;
				PRODUCT_NAME = "$(TARGET_NAME)";
				TEST_HOST = "$(BUILT_PRODUCTS_DIR)/GraphChart.app/GraphChart";
			};
			name = Release;
		};
/* End XCBuildConfiguration section */

/* Begin XCConfigurationList section */
		54F393421BC9823100369B5B /* Build configuration list for PBXProject "GraphChart" */ = {
			isa = XCConfigurationList;
			buildConfigurations = (
				54F393671BC9823100369B5B /* Debug */,
				54F393681BC9823100369B5B /* Release */,
			);
			defaultConfigurationIsVisible = 0;
			defaultConfigurationName = Release;
		};
		54F393691BC9823100369B5B /* Build configuration list for PBXNativeTarget "GraphChart" */ = {
			isa = XCConfigurationList;
			buildConfigurations = (
				54F3936A1BC9823100369B5B /* Debug */,
				54F3936B1BC9823100369B5B /* Release */,
			);
			defaultConfigurationIsVisible = 0;
			defaultConfigurationName = Release;
		};
		54F3936C1BC9823100369B5B /* Build configuration list for PBXNativeTarget "GraphChartTests" */ = {
			isa = XCConfigurationList;
			buildConfigurations = (
				54F3936D1BC9823100369B5B /* Debug */,
				54F3936E1BC9823100369B5B /* Release */,
			);
			defaultConfigurationIsVisible = 0;
			defaultConfigurationName = Release;
		};
/* End XCConfigurationList section */
	};
	rootObject = 54F3933F1BC9823100369B5B /* Project object */;
}
